
Microsoft Visual Studio Solution File, Format Version 12.00
# Visual Studio Version 18
VisualStudioVersion = 18.0.11205.157 d18.0
MinimumVisualStudioVersion = 10.0.40219.1
Project("{FAE04EC0-301F-11D3-BF4B-00C04F79EFBC}") = "Amonya", "Amonya.csproj", "{82B1682A-99D2-352D-BC85-2C69DC5C2225}"
EndProject
Global
	GlobalSection(SolutionConfigurationPlatforms) = preSolution
		Debug|Any CPU = Debug|Any CPU
		Release|Any CPU = Release|Any CPU
	EndGlobalSection
	GlobalSection(ProjectConfigurationPlatforms) = postSolution
		{82B1682A-99D2-352D-BC85-2C69DC5C2225}.Debug|Any CPU.ActiveCfg = Debug|Any CPU
		{82B1682A-99D2-352D-BC85-2C69DC5C2225}.Debug|Any CPU.Build.0 = Debug|Any CPU
		{82B1682A-99D2-352D-BC85-2C69DC5C2225}.Release|Any CPU.ActiveCfg = Release|Any CPU
		{82B1682A-99D2-352D-BC85-2C69DC5C2225}.Release|Any CPU.Build.0 = Release|Any CPU
	EndGlobalSection
	GlobalSection(SolutionProperties) = preSolution
		HideSolutionNode = FALSE
	EndGlobalSection
	GlobalSection(ExtensibilityGlobals) = postSolution
		SolutionGuid = {3CCEE2E0-41DB-4456-AEFC-75782825FC4B}
	EndGlobalSection
EndGlobal
